
Microsoft Visual Studio Solution File, Format Version 12.00
# Visual Studio Version 16
VisualStudioVersion = 16.0.31829.152
MinimumVisualStudioVersion = 10.0.40219.1
Project("{FAE04EC0-301F-11D3-BF4B-00C04F79EFBC}") = "StarfallTacticsLauncher", "StarfallTacticsLauncher\StarfallTacticsLauncher.csproj", "{C1918437-B562-41A9-978E-FB799495A9CD}"
	ProjectSection(ProjectDependencies) = postProject
		{2BE668DF-7B20-4C04-AC9E-B6A5F38D244F} = {2BE668DF-7B20-4C04-AC9E-B6A5F38D244F}
	EndProjectSection
EndProject
Project("{FAE04EC0-301F-11D3-BF4B-00C04F79EFBC}") = "StarfallTacticsServers", "StarfallTacticsServers\StarfallTacticsServers.csproj", "{2BE668DF-7B20-4C04-AC9E-B6A5F38D244F}"
EndProject
Global
	GlobalSection(SolutionConfigurationPlatforms) = preSolution
		Debug|Any CPU = Debug|Any CPU
		Release|Any CPU = Release|Any CPU
	EndGlobalSection
	GlobalSection(ProjectConfigurationPlatforms) = postSolution
		{C1918437-B562-41A9-978E-FB799495A9CD}.Debug|Any CPU.ActiveCfg = Debug|Any CPU
		{C1918437-B562-41A9-978E-FB799495A9CD}.Debug|Any CPU.Build.0 = Debug|Any CPU
		{C1918437-B562-41A9-978E-FB799495A9CD}.Release|Any CPU.ActiveCfg = Release|Any CPU
		{C1918437-B562-41A9-978E-FB799495A9CD}.Release|Any CPU.Build.0 = Release|Any CPU
		{2BE668DF-7B20-4C04-AC9E-B6A5F38D244F}.Debug|Any CPU.ActiveCfg = Debug|Any CPU
		{2BE668DF-7B20-4C04-AC9E-B6A5F38D244F}.Debug|Any CPU.Build.0 = Debug|Any CPU
		{2BE668DF-7B20-4C04-AC9E-B6A5F38D244F}.Release|Any CPU.ActiveCfg = Release|Any CPU
		{2BE668DF-7B20-4C04-AC9E-B6A5F38D244F}.Release|Any CPU.Build.0 = Release|Any CPU
	EndGlobalSection
	GlobalSection(SolutionProperties) = preSolution
		HideSolutionNode = FALSE
	EndGlobalSection
	GlobalSection(ExtensibilityGlobals) = postSolution
		SolutionGuid = {3E4CBE5B-EC73-4221-81B9-0F1D69516468}
	EndGlobalSection
EndGlobal
